dependencies:
- name: nats
  repository: https://nats-io.github.io/k8s/helm/charts/
  version: 1.1.5
- name: redis
  repository: https://charts.bitnami.com/bitnami
  version: 18.4.0
- name: mysql
  repository: https://charts.bitnami.com/bitnami
  version: 12.2.2
digest: sha256:511db4f3e0426113897fad524d503f2d01ece76106e398aee3f6ae3ed8e7f72f
generated: "2025-02-06T15:06:34.106732+01:00"
